
Microsoft Visual Studio Solution File, Format Version 11.00
# Visual Studio 2010
Project("{E097FAD1-6243-4DAD-9C02-E9B9EFC3FFC1}") = "Assembly-CSharp", "Assembly-CSharp.csproj", "{607A1939-0FB5-C3D8-B177-D8FD0E24BC43}"
EndProject
Project("{E097FAD1-6243-4DAD-9C02-E9B9EFC3FFC1}") = "Assembly-CSharp-Editor-firstpass", "Assembly-CSharp-Editor-firstpass.csproj", "{4AD7C7C2-2F61-2007-BCFC-BE964991EF3E}"
EndProject
Global
	GlobalSection(SolutionConfigurationPlatforms) = preSolution
		Debug|Any CPU = Debug|Any CPU
		Release|Any CPU = Release|Any CPU
	EndGlobalSection
	GlobalSection(ProjectConfigurationPlatforms) = postSolution
		{607A1939-0FB5-C3D8-B177-D8FD0E24BC43}.Debug|Any CPU.ActiveCfg = Debug|Any CPU
		{607A1939-0FB5-C3D8-B177-D8FD0E24BC43}.Debug|Any CPU.Build.0 = Debug|Any CPU
		{607A1939-0FB5-C3D8-B177-D8FD0E24BC43}.Release|Any CPU.ActiveCfg = Release|Any CPU
		{607A1939-0FB5-C3D8-B177-D8FD0E24BC43}.Release|Any CPU.Build.0 = Release|Any CPU
		{4AD7C7C2-2F61-2007-BCFC-BE964991EF3E}.Debug|Any CPU.ActiveCfg = Debug|Any CPU
		{4AD7C7C2-2F61-2007-BCFC-BE964991EF3E}.Debug|Any CPU.Build.0 = Debug|Any CPU
		{4AD7C7C2-2F61-2007-BCFC-BE964991EF3E}.Release|Any CPU.ActiveCfg = Release|Any CPU
		{4AD7C7C2-2F61-2007-BCFC-BE964991EF3E}.Release|Any CPU.Build.0 = Release|Any CPU
	EndGlobalSection
	GlobalSection(SolutionProperties) = preSolution
		HideSolutionNode = FALSE
	EndGlobalSection
EndGlobal
